
Microsoft Visual Studio Solution File, Format Version 12.00
# Visual Studio 14
VisualStudioVersion = 14.0.24720.0
MinimumVisualStudioVersion = 10.0.40219.1
Project("{FAE04EC0-301F-11D3-BF4B-00C04F79EFBC}") = "Marksman Lite", "Marksman Lite.csproj", "{4E9F7272-33F7-465C-8BD9-87F801222C9E}"
EndProject
Project("{FAE04EC0-301F-11D3-BF4B-00C04F79EFBC}") = "Leblanc II", "..\Leblanc\Leblanc II.csproj", "{E68D856D-5BCE-4610-8812-990C78681579}"
EndProject
Project("{FAE04EC0-301F-11D3-BF4B-00C04F79EFBC}") = "Buff Tracker", "..\Buff Timer\Buff Tracker.csproj", "{A071EDCB-FAF8-468C-BABD-B5A9566D225C}"
EndProject
Project("{FAE04EC0-301F-11D3-BF4B-00C04F79EFBC}") = "SFXChallenger", "..\Lizzaran\SFXChallenger\SFXChallenger.csproj", "{D3C14DC0-F958-401A-880E-D0C72C371605}"
EndProject
Global
	GlobalSection(SolutionConfigurationPlatforms) = preSolution
		Debug|Any CPU = Debug|Any CPU
		Debug|x86 = Debug|x86
		Release|Any CPU = Release|Any CPU
		Release|x86 = Release|x86
	EndGlobalSection
	GlobalSection(ProjectConfigurationPlatforms) = postSolution
		{4E9F7272-33F7-465C-8BD9-87F801222C9E}.Debug|Any CPU.ActiveCfg = Debug|Any CPU
		{4E9F7272-33F7-465C-8BD9-87F801222C9E}.Debug|Any CPU.Build.0 = Debug|Any CPU
		{4E9F7272-33F7-465C-8BD9-87F801222C9E}.Debug|x86.ActiveCfg = Debug|Any CPU
		{4E9F7272-33F7-465C-8BD9-87F801222C9E}.Debug|x86.Build.0 = Debug|Any CPU
		{4E9F7272-33F7-465C-8BD9-87F801222C9E}.Release|Any CPU.ActiveCfg = Release|Any CPU
		{4E9F7272-33F7-465C-8BD9-87F801222C9E}.Release|Any CPU.Build.0 = Release|Any CPU
		{4E9F7272-33F7-465C-8BD9-87F801222C9E}.Release|x86.ActiveCfg = Release|Any CPU
		{4E9F7272-33F7-465C-8BD9-87F801222C9E}.Release|x86.Build.0 = Release|Any CPU
		{E68D856D-5BCE-4610-8812-990C78681579}.Debug|Any CPU.ActiveCfg = Debug|Any CPU
		{E68D856D-5BCE-4610-8812-990C78681579}.Debug|Any CPU.Build.0 = Debug|Any CPU
		{E68D856D-5BCE-4610-8812-990C78681579}.Debug|x86.ActiveCfg = Debug|x86
		{E68D856D-5BCE-4610-8812-990C78681579}.Debug|x86.Build.0 = Debug|x86
		{E68D856D-5BCE-4610-8812-990C78681579}.Release|Any CPU.ActiveCfg = Release|Any CPU
		{E68D856D-5BCE-4610-8812-990C78681579}.Release|Any CPU.Build.0 = Release|Any CPU
		{E68D856D-5BCE-4610-8812-990C78681579}.Release|x86.ActiveCfg = Release|x86
		{E68D856D-5BCE-4610-8812-990C78681579}.Release|x86.Build.0 = Release|x86
		{A071EDCB-FAF8-468C-BABD-B5A9566D225C}.Debug|Any CPU.ActiveCfg = Debug|Any CPU
		{A071EDCB-FAF8-468C-BABD-B5A9566D225C}.Debug|Any CPU.Build.0 = Debug|Any CPU
		{A071EDCB-FAF8-468C-BABD-B5A9566D225C}.Debug|x86.ActiveCfg = Debug|x86
		{A071EDCB-FAF8-468C-BABD-B5A9566D225C}.Debug|x86.Build.0 = Debug|x86
		{A071EDCB-FAF8-468C-BABD-B5A9566D225C}.Release|Any CPU.ActiveCfg = Release|Any CPU
		{A071EDCB-FAF8-468C-BABD-B5A9566D225C}.Release|Any CPU.Build.0 = Release|Any CPU
		{A071EDCB-FAF8-468C-BABD-B5A9566D225C}.Release|x86.ActiveCfg = Release|x86
		{A071EDCB-FAF8-468C-BABD-B5A9566D225C}.Release|x86.Build.0 = Release|x86
		{D3C14DC0-F958-401A-880E-D0C72C371605}.Debug|Any CPU.ActiveCfg = Debug|Any CPU
		{D3C14DC0-F958-401A-880E-D0C72C371605}.Debug|Any CPU.Build.0 = Debug|Any CPU
		{D3C14DC0-F958-401A-880E-D0C72C371605}.Debug|x86.ActiveCfg = Debug|Any CPU
		{D3C14DC0-F958-401A-880E-D0C72C371605}.Debug|x86.Build.0 = Debug|Any CPU
		{D3C14DC0-F958-401A-880E-D0C72C371605}.Release|Any CPU.ActiveCfg = Release|Any CPU
		{D3C14DC0-F958-401A-880E-D0C72C371605}.Release|Any CPU.Build.0 = Release|Any CPU
		{D3C14DC0-F958-401A-880E-D0C72C371605}.Release|x86.ActiveCfg = Release|Any CPU
		{D3C14DC0-F958-401A-880E-D0C72C371605}.Release|x86.Build.0 = Release|Any CPU
	EndGlobalSection
	GlobalSection(SolutionProperties) = preSolution
		HideSolutionNode = FALSE
	EndGlobalSection
EndGlobal
